github.com/KarpelesLab/reflink v1.0.2 h1:hQ1aM3TmjU2kTNUx5p/HaobDoADYk+a6AuEinG4Cv88=
github.com/KarpelesLab/reflink v1.0.2/go.mod h1:WGkTOKNjd1FsJKBw3mu4JvrPEDJyJJ+JPtxBkbPoCok=
golang.org/x/sys v0.9.0 h1:KS/R3tvhPqvJvwcKfnBHJwwthS11LRhmM5D59eEXa0s=
golang.org/x/sys v0.9.0/go.mod h1:oPkhp1MJrh7nUepCBck5+mAzfO9JrbApNNgaTdGDITg=
