github.com/KarpelesLab/reflink v1.0.2 h1:hQ1aM3TmjU2kTNUx5p/HaobDoADYk+a6AuEinG4Cv88=
github.com/KarpelesLab/reflink v1.0.2/go.mod h1:WGkTOKNjd1FsJKBw3mu4JvrPEDJyJJ+JPtxBkbPoCok=
golang.org/x/sys v0.9.0 h1:KS/R3tvhPqvJvwcKfnBHJwwthS11LRhmM5D59eEXa0s=
golang.org/x/sys v0.9.0/go.mod h1:oPkhp1MJrh7nUepCBck5+mAzfO9JrbApNNgaTdGDITg=
k8s.io/utils v0.0.0-20260108192941-914a6e750570 h1:JT4W8lsdrGENg9W+YwwdLJxklIuKWdRm+BC+xt33FOY=
k8s.io/utils v0.0.0-20260108192941-914a6e750570/go.mod h1:xDxuJ0whA3d0I4mf/C4ppKHxXynQ+fxnkmQH0vTHnuk=
