github.com/KarpelesLab/reflink v1.0.2 h1:hQ1aM3TmjU2kTNUx5p/HaobDoADYk+a6AuEinG4Cv88=
github.com/KarpelesLab/reflink v1.0.2/go.mod h1:WGkTOKNjd1FsJKBw3mu4JvrPEDJyJJ+JPtxBkbPoCok=
github.com/godbus/dbus/v5 v5.2.2 h1:TUR3TgtSVDmjiXOgAAyaZbYmIeP3DPkld3jgKGV8mXQ=
github.com/godbus/dbus/v5 v5.2.2/go.mod h1:3AAv2+hPq5rdnr5txxxRwiGjPXamgoIHgz9FPBfOp3c=
github.com/rymdport/portal v0.4.2 h1:7jKRSemwlTyVHHrTGgQg7gmNPJs88xkbKcIL3NlcmSU=
github.com/rymdport/portal v0.4.2/go.mod h1:kFF4jslnJ8pD5uCi17brj/ODlfIidOxlgUDTO5ncnC4=
golang.org/x/sys v0.27.0 h1:wBqf8DvsY9Y/2P8gAfPDEYNuS30J4lPHJxXSb/nJZ+s=
golang.org/x/sys v0.27.0/go.mod h1:/VUhepiaJMQUp4+oa/7Zr1D23ma6VTLIYjOOTFZPUcA=
